
Microsoft Visual Studio Solution File, Format Version 12.00
# Visual Studio 2013
VisualStudioVersion = 12.0.31101.0
MinimumVisualStudioVersion = 10.0.40219.1
Project("{FAE04EC0-301F-11D3-BF4B-00C04F79EFBC}") = "PorquinhoDeOuro", "PorquinhoDeOuro\PorquinhoDeOuro.csproj", "{8E05E76A-B89A-4035-979A-89744788A8B9}"
EndProject
Project("{FAE04EC0-301F-11D3-BF4B-00C04F79EFBC}") = "PorquinhoDeOuro.Core", "PorquinhoDeOuro.Core\PorquinhoDeOuro.Core.csproj", "{EAF601FE-763B-4509-B17B-EEF53FD32CE4}"
EndProject
Project("{FAE04EC0-301F-11D3-BF4B-00C04F79EFBC}") = "PorquinhoDeOuro.Test", "PorquinhoDeOuro.Test\PorquinhoDeOuro.Test.csproj", "{FDACD5DA-C555-4297-9B0A-1B401C4059E5}"
EndProject
Project("{F088123C-0E9E-452A-89E6-6BA2F21D5CAC}") = "ModelingProject", "ModelingProject\ModelingProject.modelproj", "{B08A8F39-9FEC-410E-9CF4-B58E373B0036}"
EndProject
Global
	GlobalSection(SolutionConfigurationPlatforms) = preSolution
		Debug|Any CPU = Debug|Any CPU
		Release|Any CPU = Release|Any CPU
	EndGlobalSection
	GlobalSection(ProjectConfigurationPlatforms) = postSolution
		{8E05E76A-B89A-4035-979A-89744788A8B9}.Debug|Any CPU.ActiveCfg = Debug|Any CPU
		{8E05E76A-B89A-4035-979A-89744788A8B9}.Debug|Any CPU.Build.0 = Debug|Any CPU
		{8E05E76A-B89A-4035-979A-89744788A8B9}.Release|Any CPU.ActiveCfg = Release|Any CPU
		{8E05E76A-B89A-4035-979A-89744788A8B9}.Release|Any CPU.Build.0 = Release|Any CPU
		{EAF601FE-763B-4509-B17B-EEF53FD32CE4}.Debug|Any CPU.ActiveCfg = Debug|Any CPU
		{EAF601FE-763B-4509-B17B-EEF53FD32CE4}.Debug|Any CPU.Build.0 = Debug|Any CPU
		{EAF601FE-763B-4509-B17B-EEF53FD32CE4}.Release|Any CPU.ActiveCfg = Release|Any CPU
		{EAF601FE-763B-4509-B17B-EEF53FD32CE4}.Release|Any CPU.Build.0 = Release|Any CPU
		{FDACD5DA-C555-4297-9B0A-1B401C4059E5}.Debug|Any CPU.ActiveCfg = Debug|Any CPU
		{FDACD5DA-C555-4297-9B0A-1B401C4059E5}.Debug|Any CPU.Build.0 = Debug|Any CPU
		{FDACD5DA-C555-4297-9B0A-1B401C4059E5}.Release|Any CPU.ActiveCfg = Release|Any CPU
		{FDACD5DA-C555-4297-9B0A-1B401C4059E5}.Release|Any CPU.Build.0 = Release|Any CPU
		{B08A8F39-9FEC-410E-9CF4-B58E373B0036}.Debug|Any CPU.ActiveCfg = Debug|Any CPU
		{B08A8F39-9FEC-410E-9CF4-B58E373B0036}.Debug|Any CPU.Build.0 = Debug|Any CPU
		{B08A8F39-9FEC-410E-9CF4-B58E373B0036}.Release|Any CPU.ActiveCfg = Release|Any CPU
		{B08A8F39-9FEC-410E-9CF4-B58E373B0036}.Release|Any CPU.Build.0 = Release|Any CPU
	EndGlobalSection
	GlobalSection(SolutionProperties) = preSolution
		HideSolutionNode = FALSE
	EndGlobalSection
EndGlobal
